// !$*UTF8*$!
{
	archiveVersion = 1;
	classes = {
	};
	objectVersion = 55;
	objects = {

/* Begin PBXBuildFile section */
		C3379E1D2712C25C0006A3E8 /* AppDelegate.swift in Sources */ = {isa = PBXBuildFile; fileRef = C3379E1C2712C25C0006A3E8 /* AppDelegate.swift */; };
		C3379E1F2712C25C0006A3E8 /* SceneDelegate.swift in Sources */ = {isa = PBXBuildFile; fileRef = C3379E1E2712C25C0006A3E8 /* SceneDelegate.swift */; };
		C3379E212712C25C0006A3E8 /* ViewController.swift in Sources */ = {isa = PBXBuildFile; fileRef = C3379E202712C25C0006A3E8 /* ViewController.swift */; };
		C3379E242712C25C0006A3E8 /* Main.storyboard in Resources */ = {isa = PBXBuildFile; fileRef = C3379E222712C25C0006A3E8 /* Main.storyboard */; };
		C3379E262712C25E0006A3E8 /* Assets.xcassets in Resources */ = {isa = PBXBuildFile; fileRef = C3379E252712C25E0006A3E8 /* Assets.xcassets */; };
		C3379E292712C25E0006A3E8 /* LaunchScreen.storyboard in Resources */ = {isa = PBXBuildFile; fileRef = C3379E272712C25E0006A3E8 /* LaunchScreen.storyboard */; };
		C3379E342712C25E0006A3E8 /* QuizBTests.swift in Sources */ = {isa = PBXBuildFile; fileRef = C3379E332712C25E0006A3E8 /* QuizBTests.swift */; };
		C3379E3E2712C25E0006A3E8 /* QuizBUITests.swift in Sources */ = {isa = PBXBuildFile; fileRef = C3379E3D2712C25E0006A3E8 /* QuizBUITests.swift */; };
		C3379E402712C25E0006A3E8 /* QuizBUITestsLaunchTests.swift in Sources */ = {isa = PBXBuildFile; fileRef = C3379E3F2712C25E0006A3E8 /* QuizBUITestsLaunchTests.swift */; };
		C3379E892712EB6C0006A3E8 /* ResultViewController.swift in Sources */ = {isa = PBXBuildFile; fileRef = C3379E882712EB6C0006A3E8 /* ResultViewController.swift */; };
/* End PBXBuildFile section */

/* Begin PBXContainerItemProxy section */
		C3379E302712C25E0006A3E8 /* PBXContainerItemProxy */ = {
			isa = PBXContainerItemProxy;
			containerPortal = C3379E112712C25C0006A3E8 /* Project object */;
			proxyType = 1;
			remoteGlobalIDString = C3379E182712C25C0006A3E8;
			remoteInfo = QuizB;
		};
		C3379E3A2712C25E0006A3E8 /* PBXContainerItemProxy */ = {
			isa = PBXContainerItemProxy;
			containerPortal = C3379E112712C25C0006A3E8 /* Project object */;
			proxyType = 1;
			remoteGlobalIDString = C3379E182712C25C0006A3E8;
			remoteInfo = QuizB;
		};
/* End PBXContainerItemProxy section */

/* Begin PBXFileReference section */
		C3379E192712C25C0006A3E8 /* QuizB.app */ = {isa = PBXFileReference; explicitFileType = wrapper.application; includeInIndex = 0; path = QuizB.app; sourceTree = BUILT_PRODUCTS_DIR; };
		C3379E1C2712C25C0006A3E8 /* AppDelegate.swift */ = {isa = PBXFileReference; lastKnownFileType = sourcecode.swift; path = AppDelegate.swift; sourceTree = "<group>"; };
		C3379E1E2712C25C0006A3E8 /* SceneDelegate.swift */ = {isa = PBXFileReference; lastKnownFileType = sourcecode.swift; path = SceneDelegate.swift; sourceTree = "<group>"; };
		C3379E202712C25C0006A3E8 /* ViewController.swift */ = {isa = PBXFileReference; lastKnownFileType = sourcecode.swift; path = ViewController.swift; sourceTree = "<group>"; };
		C3379E232712C25C0006A3E8 /* Base */ = {isa = PBXFileReference; lastKnownFileType = file.storyboard; name = Base; path = Base.lproj/Main.storyboard; sourceTree = "<group>"; };
		C3379E252712C25E0006A3E8 /* Assets.xcassets */ = {isa = PBXFileReference; lastKnownFileType = folder.assetcatalog; path = Assets.xcassets; sourceTree = "<group>"; };
		C3379E282712C25E0006A3E8 /* Base */ = {isa = PBXFileReference; lastKnownFileType = file.storyboard; name = Base; path = Base.lproj/LaunchScreen.storyboard; sourceTree = "<group>"; };
		C3379E2A2712C25E0006A3E8 /* Info.plist */ = {isa = PBXFileReference; lastKnownFileType = text.plist.xml; path = Info.plist; sourceTree = "<group>"; };
		C3379E2F2712C25E0006A3E8 /* QuizBTests.xctest */ = {isa = PBXFileReference; explicitFileType = wrapper.cfbundle; includeInIndex = 0; path = QuizBTests.xctest; sourceTree = BUILT_PRODUCTS_DIR; };
		C3379E332712C25E0006A3E8 /* QuizBTests.swift */ = {isa = PBXFileReference; lastKnownFileType = sourcecode.swift; path = QuizBTests.swift; sourceTree = "<group>"; };
		C3379E392712C25E0006A3E8 /* QuizBUITests.xctest */ = {isa = PBXFileReference; explicitFileType = wrapper.cfbundle; includeInIndex = 0; path = QuizBUITests.xctest; sourceTree = BUILT_PRODUCTS_DIR; };
		C3379E3D2712C25E0006A3E8 /* QuizBUITests.swift */ = {isa = PBXFileReference; lastKnownFileType = sourcecode.swift; path = QuizBUITests.swift; sourceTree = "<group>"; };
		C3379E3F2712C25E0006A3E8 /* QuizBUITestsLaunchTests.swift */ = {isa = PBXFileReference; lastKnownFileType = sourcecode.swift; path = QuizBUITestsLaunchTests.swift; sourceTree = "<group>"; };
		C3379E882712EB6C0006A3E8 /* ResultViewController.swift */ = {isa = PBXFileReference; lastKnownFileType = sourcecode.swift; path = ResultViewController.swift; sourceTree = "<group>"; };
/* End PBXFileReference section */

/* Begin PBXFrameworksBuildPhase section */
		C3379E162712C25C0006A3E8 /* Frameworks */ = {
			isa = PBXFrameworksBuildPhase;
			buildActionMask = 2147483647;
			files = (
			);
			runOnlyForDeploymentPostprocessing = 0;
		};
		C3379E2C2712C25E0006A3E8 /* Frameworks */ = {
			isa = PBXFrameworksBuildPhase;
			buildActionMask = 2147483647;
			files = (
			);
			runOnlyForDeploymentPostprocessing = 0;
		};
		C3379E362712C25E0006A3E8 /* Frameworks */ = {
			isa = PBXFrameworksBuildPhase;
			buildActionMask = 2147483647;
			files = (
			);
			runOnlyForDeploymentPostprocessing = 0;
		};
/* End PBXFrameworksBuildPhase section */

/* Begin PBXGroup section */
		C3379E102712C25C0006A3E8 = {
			isa = PBXGroup;
			children = (
				C3379E1B2712C25C0006A3E8 /* QuizB */,
				C3379E322712C25E0006A3E8 /* QuizBTests */,
				C3379E3C2712C25E0006A3E8 /* QuizBUITests */,
				C3379E1A2712C25C0006A3E8 /* Products */,
			);
			sourceTree = "<group>";
		};
		C3379E1A2712C25C0006A3E8 /* Products */ = {
			isa = PBXGroup;
			children = (
				C3379E192712C25C0006A3E8 /* QuizB.app */,
				C3379E2F2712C25E0006A3E8 /* QuizBTests.xctest */,
				C3379E392712C25E0006A3E8 /* QuizBUITests.xctest */,
			);
			name = Products;
			sourceTree = "<group>";
		};
		C3379E1B2712C25C0006A3E8 /* QuizB */ = {
			isa = PBXGroup;
			children = (
				C3379E1C2712C25C0006A3E8 /* AppDelegate.swift */,
				C3379E1E2712C25C0006A3E8 /* SceneDelegate.swift */,
				C3379E202712C25C0006A3E8 /* ViewController.swift */,
				C3379E222712C25C0006A3E8 /* Main.storyboard */,
				C3379E252712C25E0006A3E8 /* Assets.xcassets */,
				C3379E272712C25E0006A3E8 /* LaunchScreen.storyboard */,
				C3379E2A2712C25E0006A3E8 /* Info.plist */,
				C3379E882712EB6C0006A3E8 /* ResultViewController.swift */,
			);
			path = QuizB;
			sourceTree = "<group>";
		};
		C3379E322712C25E0006A3E8 /* QuizBTests */ = {
			isa = PBXGroup;
			children = (
				C3379E332712C25E0006A3E8 /* QuizBTests.swift */,
			);
			path = QuizBTests;
			sourceTree = "<group>";
		};
		C3379E3C2712C25E0006A3E8 /* QuizBUITests */ = {
			isa = PBXGroup;
			children = (
				C3379E3D2712C25E0006A3E8 /* QuizBUITests.swift */,
				C3379E3F2712C25E0006A3E8 /* QuizBUITestsLaunchTests.swift */,
			);
			path = QuizBUITests;
			sourceTree = "<group>";
		};
/* End PBXGroup section */

/* Begin PBXNativeTarget section */
		C3379E182712C25C0006A3E8 /* QuizB */ = {
			isa = PBXNativeTarget;
			buildConfigurationList = C3379E432712C25E0006A3E8 /* Build configuration list for PBXNativeTarget "QuizB" */;
			buildPhases = (
				C3379E152712C25C0006A3E8 /* Sources */,
				C3379E162712C25C0006A3E8 /* Frameworks */,
				C3379E172712C25C0006A3E8 /* Resources */,
			);
			buildRules = (
			);
			dependencies = (
			);
			name = QuizB;
			productName = QuizB;
			productReference = C3379E192712C25C0006A3E8 /* QuizB.app */;
			productType = "com.apple.product-type.application";
		};
		C3379E2E2712C25E0006A3E8 /* QuizBTests */ = {
			isa = PBXNativeTarget;
			buildConfigurationList = C3379E462712C25E0006A3E8 /* Build configuration list for PBXNativeTarget "QuizBTests" */;
			buildPhases = (
				C3379E2B2712C25E0006A3E8 /* Sources */,
				C3379E2C2712C25E0006A3E8 /* Frameworks */,
				C3379E2D2712C25E0006A3E8 /* Resources */,
			);
			buildRules = (
			);
			dependencies = (
				C3379E312712C25E0006A3E8 /* PBXTargetDependency */,
			);
			name = QuizBTests;
			productName = QuizBTests;
			productReference = C3379E2F2712C25E0006A3E8 /* QuizBTests.xctest */;
			productType = "com.apple.product-type.bundle.unit-test";
		};
		C3379E382712C25E0006A3E8 /* QuizBUITests */ = {
			isa = PBXNativeTarget;
			buildConfigurationList = C3379E492712C25E0006A3E8 /* Build configuration list for PBXNativeTarget "QuizBUITests" */;
			buildPhases = (
				C3379E352712C25E0006A3E8 /* Sources */,
				C3379E362712C25E0006A3E8 /* Frameworks */,
				C3379E372712C25E0006A3E8 /* Resources */,
			);
			buildRules = (
			);
			dependencies = (
				C3379E3B2712C25E0006A3E8 /* PBXTargetDependency */,
			);
			name = QuizBUITests;
			productName = QuizBUITests;
			productReference = C3379E392712C25E0006A3E8 /* QuizBUITests.xctest */;
			productType = "com.apple.product-type.bundle.ui-testing";
		};
/* End PBXNativeTarget section */

/* Begin PBXProject section */
		C3379E112712C25C0006A3E8 /* Project object */ = {
			isa = PBXProject;
			attributes = {
				BuildIndependentTargetsInParallel = 1;
				LastSwiftUpdateCheck = 1300;
				LastUpgradeCheck = 1300;
				TargetAttributes = {
					C3379E182712C25C0006A3E8 = {
						CreatedOnToolsVersion = 13.0;
					};
					C3379E2E2712C25E0006A3E8 = {
						CreatedOnToolsVersion = 13.0;
						TestTargetID = C3379E182712C25C0006A3E8;
					};
					C3379E382712C25E0006A3E8 = {
						CreatedOnToolsVersion = 13.0;
						TestTargetID = C3379E182712C25C0006A3E8;
					};
				};
			};
			buildConfigurationList = C3379E142712C25C0006A3E8 /* Build configuration list for PBXProject "QuizB" */;
			compatibilityVersion = "Xcode 13.0";
			developmentRegion = en;
			hasScannedForEncodings = 0;
			knownRegions = (
				en,
				Base,
			);
			mainGroup = C3379E102712C25C0006A3E8;
			productRefGroup = C3379E1A2712C25C0006A3E8 /* Products */;
			projectDirPath = "";
			projectRoot = "";
			targets = (
				C3379E182712C25C0006A3E8 /* QuizB */,
				C3379E2E2712C25E0006A3E8 /* QuizBTests */,
				C3379E382712C25E0006A3E8 /* QuizBUITests */,
			);
		};
/* End PBXProject section */

/* Begin PBXResourcesBuildPhase section */
		C3379E172712C25C0006A3E8 /* Resources */ = {
			isa = PBXResourcesBuildPhase;
			buildActionMask = 2147483647;
			files = (
				C3379E292712C25E0006A3E8 /* LaunchScreen.storyboard in Resources */,
				C3379E262712C25E0006A3E8 /* Assets.xcassets in Resources */,
				C3379E242712C25C0006A3E8 /* Main.storyboard in Resources */,
			);
			runOnlyForDeploymentPostprocessing = 0;
		};
		C3379E2D2712C25E0006A3E8 /* Resources */ = {
			isa = PBXResourcesBuildPhase;
			buildActionMask = 2147483647;
			files = (
			);
			runOnlyForDeploymentPostprocessing = 0;
		};
		C3379E372712C25E0006A3E8 /* Resources */ = {
			isa = PBXResourcesBuildPhase;
			buildActionMask = 2147483647;
			files = (
			);
			runOnlyForDeploymentPostprocessing = 0;
		};
/* End PBXResourcesBuildPhase section */

/* Begin PBXSourcesBuildPhase section */
		C3379E152712C25C0006A3E8 /* Sources */ = {
			isa = PBXSourcesBuildPhase;
			buildActionMask = 2147483647;
			files = (
				C3379E212712C25C0006A3E8 /* ViewController.swift in Sources */,
				C3379E1D2712C25C0006A3E8 /* AppDelegate.swift in Sources */,
				C3379E1F2712C25C0006A3E8 /* SceneDelegate.swift in Sources */,
				C3379E892712EB6C0006A3E8 /* ResultViewController.swift in Sources */,
			);
			runOnlyForDeploymentPostprocessing = 0;
		};
		C3379E2B2712C25E0006A3E8 /* Sources */ = {
			isa = PBXSourcesBuildPhase;
			buildActionMask = 2147483647;
			files = (
				C3379E342712C25E0006A3E8 /* QuizBTests.swift in Sources */,
			);
			runOnlyForDeploymentPostprocessing = 0;
		};
		C3379E352712C25E0006A3E8 /* Sources */ = {
			isa = PBXSourcesBuildPhase;
			buildActionMask = 2147483647;
			files = (
				C3379E402712C25E0006A3E8 /* QuizBUITestsLaunchTests.swift in Sources */,
				C3379E3E2712C25E0006A3E8 /* QuizBUITests.swift in Sources */,
			);
			runOnlyForDeploymentPostprocessing = 0;
		};
/* End PBXSourcesBuildPhase section */

/* Begin PBXTargetDependency section */
		C3379E312712C25E0006A3E8 /* PBXTargetDependency */ = {
			isa = PBXTargetDependency;
			target = C3379E182712C25C0006A3E8 /* QuizB */;
			targetProxy = C3379E302712C25E0006A3E8 /* PBXContainerItemProxy */;
		};
		C3379E3B2712C25E0006A3E8 /* PBXTargetDependency */ = {
			isa = PBXTargetDependency;
			target = C3379E182712C25C0006A3E8 /* QuizB */;
			targetProxy = C3379E3A2712C25E0006A3E8 /* PBXContainerItemProxy */;
		};
/* End PBXTargetDependency section */

/* Begin PBXVariantGroup section */
		C3379E222712C25C0006A3E8 /* Main.storyboard */ = {
			isa = PBXVariantGroup;
			children = (
				C3379E232712C25C0006A3E8 /* Base */,
			);
			name = Main.storyboard;
			sourceTree = "<group>";
		};
		C3379E272712C25E0006A3E8 /* LaunchScreen.storyboard */ = {
			isa = PBXVariantGroup;
			children = (
				C3379E282712C25E0006A3E8 /* Base */,
			);
			name = LaunchScreen.storyboard;
			sourceTree = "<group>";
		};
/* End PBXVariantGroup section */

/* Begin XCBuildConfiguration section */
		C3379E412712C25E0006A3E8 /* Debug */ = {
			isa = XCBuildConfiguration;
			buildSettings = {
				ALWAYS_SEARCH_USER_PATHS = NO;
				CLANG_ANALYZER_NONNULL = YES;
				CLANG_ANALYZER_NUMBER_OBJECT_CONVERSION = YES_AGGRESSIVE;
				CLANG_CXX_LANGUAGE_STANDARD = "gnu++17";
				CLANG_CXX_LIBRARY = "libc++";
				CLANG_ENABLE_MODULES = YES;
				CLANG_ENABLE_OBJC_ARC = YES;
				CLANG_ENABLE_OBJC_WEAK = YES;
				CLANG_WARN_BLOCK_CAPTURE_AUTORELEASING = YES;
				CLANG_WARN_BOOL_CONVERSION = YES;
				CLANG_WARN_COMMA = YES;
				CLANG_WARN_CONSTANT_CONVERSION = YES;
				CLANG_WARN_DEPRECATED_OBJC_IMPLEMENTATIONS = YES;
				CLANG_WARN_DIRECT_OBJC_ISA_USAGE = YES_ERROR;
				CLANG_WARN_DOCUMENTATION_COMMENTS = YES;
				CLANG_WARN_EMPTY_BODY = YES;
				CLANG_WARN_ENUM_CONVERSION = YES;
				CLANG_WARN_INFINITE_RECURSION = YES;
				CLANG_WARN_INT_CONVERSION = YES;
				CLANG_WARN_NON_LITERAL_NULL_CONVERSION = YES;
				CLANG_WARN_OBJC_IMPLICIT_RETAIN_SELF = YES;
				CLANG_WARN_OBJC_LITERAL_CONVERSION = YES;
				CLANG_WARN_OBJC_ROOT_CLASS = YES_ERROR;
				CLANG_WARN_QUOTED_INCLUDE_IN_FRAMEWORK_HEADER = YES;
				CLANG_WARN_RANGE_LOOP_ANALYSIS = YES;
				CLANG_WARN_STRICT_PROTOTYPES = YES;
				CLANG_WARN_SUSPICIOUS_MOVE = YES;
				CLANG_WARN_UNGUARDED_AVAILABILITY = YES_AGGRESSIVE;
				CLANG_WARN_UNREACHABLE_CODE = YES;
				CLANG_WARN__DUPLICATE_METHOD_MATCH = YES;
				COPY_PHASE_STRIP = NO;
				DEBUG_INFORMATION_FORMAT = dwarf;
				ENABLE_STRICT_OBJC_MSGSEND = YES;
				ENABLE_TESTABILITY = YES;
				GCC_C_LANGUAGE_STANDARD = gnu11;
				GCC_DYNAMIC_NO_PIC = NO;
				GCC_NO_COMMON_BLOCKS = YES;
				GCC_OPTIMIZATION_LEVEL = 0;
				GCC_PREPROCESSOR_DEFINITIONS = (
					"DEBUG=1",
					"$(inherited)",
				);
				GCC_WARN_64_TO_32_BIT_CONVERSION = YES;
				GCC_WARN_ABOUT_RETURN_TYPE = YES_ERROR;
				GCC_WARN_UNDECLARED_SELECTOR = YES;
				GCC_WARN_UNINITIALIZED_AUTOS = YES_AGGRESSIVE;
				GCC_WARN_UNUSED_FUNCTION = YES;
				GCC_WARN_UNUSED_VARIABLE = YES;
				IPHONEOS_DEPLOYMENT_TARGET = 15.0;
				MTL_ENABLE_DEBUG_INFO = INCLUDE_SOURCE;
				MTL_FAST_MATH = YES;
				ONLY_ACTIVE_ARCH = YES;
				SDKROOT = iphoneos;
				SWIFT_ACTIVE_COMPILATION_CONDITIONS = DEBUG;
				SWIFT_OPTIMIZATION_LEVEL = "-Onone";
			};
			name = Debug;
		};
		C3379E422712C25E0006A3E8 /* Release */ = {
			isa = XCBuildConfiguration;
			buildSettings = {
				ALWAYS_SEARCH_USER_PATHS = NO;
				CLANG_ANALYZER_NONNULL = YES;
				CLANG_ANALYZER_NUMBER_OBJECT_CONVERSION = YES_AGGRESSIVE;
				CLANG_CXX_LANGUAGE_STANDARD = "gnu++17";
				CLANG_CXX_LIBRARY = "libc++";
				CLANG_ENABLE_MODULES = YES;
				CLANG_ENABLE_OBJC_ARC = YES;
				CLANG_ENABLE_OBJC_WEAK = YES;
				CLANG_WARN_BLOCK_CAPTURE_AUTORELEASING = YES;
				CLANG_WARN_BOOL_CONVERSION = YES;
				CLANG_WARN_COMMA = YES;
				CLANG_WARN_CONSTANT_CONVERSION = YES;
				CLANG_WARN_DEPRECATED_OBJC_IMPLEMENTATIONS = YES;
				CLANG_WARN_DIRECT_OBJC_ISA_USAGE = YES_ERROR;
				CLANG_WARN_DOCUMENTATION_COMMENTS = YES;
				CLANG_WARN_EMPTY_BODY = YES;
				CLANG_WARN_ENUM_CONVERSION = YES;
				CLANG_WARN_INFINITE_RECURSION = YES;
				CLANG_WARN_INT_CONVERSION = YES;
				CLANG_WARN_NON_LITERAL_NULL_CONVERSION = YES;
				CLANG_WARN_OBJC_IMPLICIT_RETAIN_SELF = YES;
				CLANG_WARN_OBJC_LITERAL_CONVERSION = YES;
				CLANG_WARN_OBJC_ROOT_CLASS = YES_ERROR;
				CLANG_WARN_QUOTED_INCLUDE_IN_FRAMEWORK_HEADER = YES;
				CLANG_WARN_RANGE_LOOP_ANALYSIS = YES;
				CLANG_WARN_STRICT_PROTOTYPES = YES;
				CLANG_WARN_SUSPICIOUS_MOVE = YES;
				CLANG_WARN_UNGUARDED_AVAILABILITY = YES_AGGRESSIVE;
				CLANG_WARN_UNREACHABLE_CODE = YES;
				CLANG_WARN__DUPLICATE_METHOD_MATCH = YES;
				COPY_PHASE_STRIP = NO;
				DEBUG_INFORMATION_FORMAT = "dwarf-with-dsym";
				ENABLE_NS_ASSERTIONS = NO;
				ENABLE_STRICT_OBJC_MSGSEND = YES;
				GCC_C_LANGUAGE_STANDARD = gnu11;
				GCC_NO_COMMON_BLOCKS = YES;
				GCC_WARN_64_TO_32_BIT_CONVERSION = YES;
				GCC_WARN_ABOUT_RETURN_TYPE = YES_ERROR;
				GCC_WARN_UNDECLARED_SELECTOR = YES;
				GCC_WARN_UNINITIALIZED_AUTOS = YES_AGGRESSIVE;
				GCC_WARN_UNUSED_FUNCTION = YES;
				GCC_WARN_UNUSED_VARIABLE = YES;
				IPHONEOS_DEPLOYMENT_TARGET = 15.0;
				MTL_ENABLE_DEBUG_INFO = NO;
				MTL_FAST_MATH = YES;
				SDKROOT = iphoneos;
				SWIFT_COMPILATION_MODE = wholemodule;
				SWIFT_OPTIMIZATION_LEVEL = "-O";
				VALIDATE_PRODUCT = YES;
			};
			name = Release;
		};
		C3379E442712C25E0006A3E8 /* Debug */ = {
			isa = XCBuildConfiguration;
			buildSettings = {
				ASSETCATALOG_COMPILER_APPICON_NAME = AppIcon;
				ASSETCATALOG_COMPILER_GLOBAL_ACCENT_COLOR_NAME = AccentColor;
				CODE_SIGN_STYLE = Automatic;
				CURRENT_PROJECT_VERSION = 1;
				GENERATE_INFOPLIST_FILE = YES;
				INFOPLIST_FILE = QuizB/Info.plist;
				INFOPLIST_KEY_UIApplicationSupportsIndirectInputEvents = YES;
				INFOPLIST_KEY_UILaunchStoryboardName = LaunchScreen;
				INFOPLIST_KEY_UIMainStoryboardFile = Main;
				INFOPLIST_KEY_UISupportedInterfaceOrientations_iPad = "UIInterfaceOrientationPortrait UIInterfaceOrientationPortraitUpsideDown UIInterfaceOrientationLandscapeLeft UIInterfaceOrientationLandscapeRight";
				INFOPLIST_KEY_UISupportedInterfaceOrientations_iPhone = "UIInterfaceOrientationPortrait UIInterfaceOrientationLandscapeLeft UIInterfaceOrientationLandscapeRight";
				LD_RUNPATH_SEARCH_PATHS = (
					"$(inherited)",
					"@executable_path/Frameworks",
				);
				MARKETING_VERSION = 1.0;
				PRODUCT_BUNDLE_IDENTIFIER = QuizB.QuizB;
				PRODUCT_NAME = "$(TARGET_NAME)";
				SWIFT_EMIT_LOC_STRINGS = YES;
				SWIFT_VERSION = 5.0;
				TARGETED_DEVICE_FAMILY = "1,2";
			};
			name = Debug;
		};
		C3379E452712C25E0006A3E8 /* Release */ = {
			isa = XCBuildConfiguration;
			buildSettings = {
				ASSETCATALOG_COMPILER_APPICON_NAME = AppIcon;
				ASSETCATALOG_COMPILER_GLOBAL_ACCENT_COLOR_NAME = AccentColor;
				CODE_SIGN_STYLE = Automatic;
				CURRENT_PROJECT_VERSION = 1;
				GENERATE_INFOPLIST_FILE = YES;
				INFOPLIST_FILE = QuizB/Info.plist;
				INFOPLIST_KEY_UIApplicationSupportsIndirectInputEvents = YES;
				INFOPLIST_KEY_UILaunchStoryboardName = LaunchScreen;
				INFOPLIST_KEY_UIMainStoryboardFile = Main;
				INFOPLIST_KEY_UISupportedInterfaceOrientations_iPad = "UIInterfaceOrientationPortrait UIInterfaceOrientationPortraitUpsideDown UIInterfaceOrientationLandscapeLeft UIInterfaceOrientationLandscapeRight";
				INFOPLIST_KEY_UISupportedInterfaceOrientations_iPhone = "UIInterfaceOrientationPortrait UIInterfaceOrientationLandscapeLeft UIInterfaceOrientationLandscapeRight";
				LD_RUNPATH_SEARCH_PATHS = (
					"$(inherited)",
					"@executable_path/Frameworks",
				);
				MARKETING_VERSION = 1.0;
				PRODUCT_BUNDLE_IDENTIFIER = QuizB.QuizB;
				PRODUCT_NAME = "$(TARGET_NAME)";
				SWIFT_EMIT_LOC_STRINGS = YES;
				SWIFT_VERSION = 5.0;
				TARGETED_DEVICE_FAMILY = "1,2";
			};
			name = Release;
		};
		C3379E472712C25E0006A3E8 /* Debug */ = {
			isa = XCBuildConfiguration;
			buildSettings = {
				ALWAYS_EMBED_SWIFT_STANDARD_LIBRARIES = YES;
				BUNDLE_LOADER = "$(TEST_HOST)";
				CODE_SIGN_STYLE = Automatic;
				CURRENT_PROJECT_VERSION = 1;
				GENERATE_INFOPLIST_FILE = YES;
				IPHONEOS_DEPLOYMENT_TARGET = 15.0;
				LD_RUNPATH_SEARCH_PATHS = (
					"$(inherited)",
					"@executable_path/Frameworks",
					"@loader_path/Frameworks",
				);
				MARKETING_VERSION = 1.0;
				PRODUCT_BUNDLE_IDENTIFIER = QuizB.QuizBTests;
				PRODUCT_NAME = "$(TARGET_NAME)";
				SWIFT_EMIT_LOC_STRINGS = NO;
				SWIFT_VERSION = 5.0;
				TARGETED_DEVICE_FAMILY = "1,2";
				TEST_HOST = "$(BUILT_PRODUCTS_DIR)/QuizB.app/QuizB";
			};
			name = Debug;
		};
		C3379E482712C25E0006A3E8 /* Release */ = {
			isa = XCBuildConfiguration;
			buildSettings = {
				ALWAYS_EMBED_SWIFT_STANDARD_LIBRARIES = YES;
				BUNDLE_LOADER = "$(TEST_HOST)";
				CODE_SIGN_STYLE = Automatic;
				CURRENT_PROJECT_VERSION = 1;
				GENERATE_INFOPLIST_FILE = YES;
				IPHONEOS_DEPLOYMENT_TARGET = 15.0;
				LD_RUNPATH_SEARCH_PATHS = (
					"$(inherited)",
					"@executable_path/Frameworks",
					"@loader_path/Frameworks",
				);
				MARKETING_VERSION = 1.0;
				PRODUCT_BUNDLE_IDENTIFIER = QuizB.QuizBTests;
				PRODUCT_NAME = "$(TARGET_NAME)";
				SWIFT_EMIT_LOC_STRINGS = NO;
				SWIFT_VERSION = 5.0;
				TARGETED_DEVICE_FAMILY = "1,2";
				TEST_HOST = "$(BUILT_PRODUCTS_DIR)/QuizB.app/QuizB";
			};
			name = Release;
		};
		C3379E4A2712C25E0006A3E8 /* Debug */ = {
			isa = XCBuildConfiguration;
			buildSettings = {
				ALWAYS_EMBED_SWIFT_STANDARD_LIBRARIES = YES;
				CODE_SIGN_STYLE = Automatic;
				CURRENT_PROJECT_VERSION = 1;
				GENERATE_INFOPLIST_FILE = YES;
				LD_RUNPATH_SEARCH_PATHS = (
					"$(inherited)",
					"@executable_path/Frameworks",
					"@loader_path/Frameworks",
				);
				MARKETING_VERSION = 1.0;
				PRODUCT_BUNDLE_IDENTIFIER = QuizB.QuizBUITests;
				PRODUCT_NAME = "$(TARGET_NAME)";
				SWIFT_EMIT_LOC_STRINGS = NO;
				SWIFT_VERSION = 5.0;
				TARGETED_DEVICE_FAMILY = "1,2";
				TEST_TARGET_NAME = QuizB;
			};
			name = Debug;
		};
		C3379E4B2712C25E0006A3E8 /* Release */ = {
			isa = XCBuildConfiguration;
			buildSettings = {
				ALWAYS_EMBED_SWIFT_STANDARD_LIBRARIES = YES;
				CODE_SIGN_STYLE = Automatic;
				CURRENT_PROJECT_VERSION = 1;
				GENERATE_INFOPLIST_FILE = YES;
				LD_RUNPATH_SEARCH_PATHS = (
					"$(inherited)",
					"@executable_path/Frameworks",
					"@loader_path/Frameworks",
				);
				MARKETING_VERSION = 1.0;
				PRODUCT_BUNDLE_IDENTIFIER = QuizB.QuizBUITests;
				PRODUCT_NAME = "$(TARGET_NAME)";
				SWIFT_EMIT_LOC_STRINGS = NO;
				SWIFT_VERSION = 5.0;
				TARGETED_DEVICE_FAMILY = "1,2";
				TEST_TARGET_NAME = QuizB;
			};
			name = Release;
		};
/* End XCBuildConfiguration section */

/* Begin XCConfigurationList section */
		C3379E142712C25C0006A3E8 /* Build configuration list for PBXProject "QuizB" */ = {
			isa = XCConfigurationList;
			buildConfigurations = (
				C3379E412712C25E0006A3E8 /* Debug */,
				C3379E422712C25E0006A3E8 /* Release */,
			);
			defaultConfigurationIsVisible = 0;
			defaultConfigurationName = Release;
		};
		C3379E432712C25E0006A3E8 /* Build configuration list for PBXNativeTarget "QuizB" */ = {
			isa = XCConfigurationList;
			buildConfigurations = (
				C3379E442712C25E0006A3E8 /* Debug */,
				C3379E452712C25E0006A3E8 /* Release */,
			);
			defaultConfigurationIsVisible = 0;
			defaultConfigurationName = Release;
		};
		C3379E462712C25E0006A3E8 /* Build configuration list for PBXNativeTarget "QuizBTests" */ = {
			isa = XCConfigurationList;
			buildConfigurations = (
				C3379E472712C25E0006A3E8 /* Debug */,
				C3379E482712C25E0006A3E8 /* Release */,
			);
			defaultConfigurationIsVisible = 0;
			defaultConfigurationName = Release;
		};
		C3379E492712C25E0006A3E8 /* Build configuration list for PBXNativeTarget "QuizBUITests" */ = {
			isa = XCConfigurationList;
			buildConfigurations = (
				C3379E4A2712C25E0006A3E8 /* Debug */,
				C3379E4B2712C25E0006A3E8 /* Release */,
			);
			defaultConfigurationIsVisible = 0;
			defaultConfigurationName = Release;
		};
/* End XCConfigurationList section */
	};
	rootObject = C3379E112712C25C0006A3E8 /* Project object */;
}
